
Microsoft Visual Studio Solution File, Format Version 12.00
# Visual Studio Version 16
VisualStudioVersion = 16.0.31105.61
MinimumVisualStudioVersion = 10.0.40219.1
Project("{9A19103F-16F7-4668-BE54-9A1E7A4F7556}") = "Example.Api", "Example.Api\Example.Api.csproj", "{8DEE3C2D-547C-47DC-8228-042893934396}"
EndProject
Project("{2150E333-8FDC-42A3-9474-1A3956D46DE8}") = "Solution Items", "Solution Items", "{C7163202-9BCA-4C54-B2B6-6AD393E3B7F2}"
	ProjectSection(SolutionItems) = preProject
		.editorconfig = .editorconfig
		.gitattributes = .gitattributes
		.gitignore = .gitignore
		Directory.Build.props = Directory.Build.props
		Directory.Build.targets = Directory.Build.targets
		Example.Api.sln.DotSettings = Example.Api.sln.DotSettings
		Example.ruleset = Example.ruleset
		README.md = README.md
	EndProjectSection
EndProject
Global
	GlobalSection(SolutionConfigurationPlatforms) = preSolution
		Debug|Any CPU = Debug|Any CPU
		Release|Any CPU = Release|Any CPU
	EndGlobalSection
	GlobalSection(ProjectConfigurationPlatforms) = postSolution
		{8DEE3C2D-547C-47DC-8228-042893934396}.Debug|Any CPU.ActiveCfg = Debug|Any CPU
		{8DEE3C2D-547C-47DC-8228-042893934396}.Debug|Any CPU.Build.0 = Debug|Any CPU
		{8DEE3C2D-547C-47DC-8228-042893934396}.Release|Any CPU.ActiveCfg = Release|Any CPU
		{8DEE3C2D-547C-47DC-8228-042893934396}.Release|Any CPU.Build.0 = Release|Any CPU
	EndGlobalSection
	GlobalSection(SolutionProperties) = preSolution
		HideSolutionNode = FALSE
	EndGlobalSection
	GlobalSection(ExtensibilityGlobals) = postSolution
		SolutionGuid = {4434CAF5-A57A-488D-85BA-F098FF293E75}
	EndGlobalSection
EndGlobal
